
Microsoft Visual Studio Solution File, Format Version 12.00
# Visual Studio Version 17
VisualStudioVersion = 17.9.34622.214
MinimumVisualStudioVersion = 10.0.40219.1
Project("{9A19103F-16F7-4668-BE54-9A1E7A4F7556}") = "DemoLibrary", "DemoLibrary\DemoLibrary.csproj", "{5D18AEFF-12EF-43A8-8A65-289607C81484}"
EndProject
Project("{9A19103F-16F7-4668-BE54-9A1E7A4F7556}") = "GuestBookLibrary", "GuestBookLibrary\GuestBookLibrary.csproj", "{F84CA25B-FDEE-4D26-9440-272AFBC828EA}"
EndProject
Project("{9A19103F-16F7-4668-BE54-9A1E7A4F7556}") = "GuestBookUI", "GuestBookUI\GuestBookUI.csproj", "{BF56DF0E-BCDE-49CD-9241-C3D7E1504B26}"
EndProject
Project("{9A19103F-16F7-4668-BE54-9A1E7A4F7556}") = "BattleshipUI", "BattleshipUI\BattleshipUI.csproj", "{8BB4D31B-B498-4CEB-BA85-ABFF0F4851B3}"
EndProject
Project("{9A19103F-16F7-4668-BE54-9A1E7A4F7556}") = "BattleshipLibrary", "BattleshipLibrary\BattleshipLibrary.csproj", "{4834E062-3491-4836-A12C-2BE3F0D567B6}"
EndProject
Project("{9A19103F-16F7-4668-BE54-9A1E7A4F7556}") = "ExtensionMethods", "ExtensionMethods\ExtensionMethods.csproj", "{5BE06B86-8A85-47C4-903F-82DC2FD62A30}"
EndProject
Project("{9A19103F-16F7-4668-BE54-9A1E7A4F7556}") = "BattleshipLibrary.Tests", "BattleshipLibrary.Tests\BattleshipLibrary.Tests.csproj", "{ADEF2A2B-D427-4852-B18E-F6E237509590}"
EndProject
Project("{00D1A9C2-B5F0-4AF3-8072-F6C62B433612}") = "SQLDB", "SQLDB\SQLDB.sqlproj", "{024EC9A3-05C0-4E8E-A0D6-4AA3B4E54EAD}"
EndProject
Project("{FAE04EC0-301F-11D3-BF4B-00C04F79EFBC}") = "MessageWall2", "MessageWall2\MessageWall2.csproj", "{E67CD78E-3BA4-4E5B-812D-D2BE38DD87D6}"
EndProject
Global
	GlobalSection(SolutionConfigurationPlatforms) = preSolution
		Debug|Any CPU = Debug|Any CPU
		Release|Any CPU = Release|Any CPU
	EndGlobalSection
	GlobalSection(ProjectConfigurationPlatforms) = postSolution
		{5D18AEFF-12EF-43A8-8A65-289607C81484}.Debug|Any CPU.ActiveCfg = Debug|Any CPU
		{5D18AEFF-12EF-43A8-8A65-289607C81484}.Debug|Any CPU.Build.0 = Debug|Any CPU
		{5D18AEFF-12EF-43A8-8A65-289607C81484}.Release|Any CPU.ActiveCfg = Release|Any CPU
		{5D18AEFF-12EF-43A8-8A65-289607C81484}.Release|Any CPU.Build.0 = Release|Any CPU
		{F84CA25B-FDEE-4D26-9440-272AFBC828EA}.Debug|Any CPU.ActiveCfg = Debug|Any CPU
		{F84CA25B-FDEE-4D26-9440-272AFBC828EA}.Debug|Any CPU.Build.0 = Debug|Any CPU
		{F84CA25B-FDEE-4D26-9440-272AFBC828EA}.Release|Any CPU.ActiveCfg = Release|Any CPU
		{F84CA25B-FDEE-4D26-9440-272AFBC828EA}.Release|Any CPU.Build.0 = Release|Any CPU
		{BF56DF0E-BCDE-49CD-9241-C3D7E1504B26}.Debug|Any CPU.ActiveCfg = Debug|Any CPU
		{BF56DF0E-BCDE-49CD-9241-C3D7E1504B26}.Debug|Any CPU.Build.0 = Debug|Any CPU
		{BF56DF0E-BCDE-49CD-9241-C3D7E1504B26}.Release|Any CPU.ActiveCfg = Release|Any CPU
		{BF56DF0E-BCDE-49CD-9241-C3D7E1504B26}.Release|Any CPU.Build.0 = Release|Any CPU
		{8BB4D31B-B498-4CEB-BA85-ABFF0F4851B3}.Debug|Any CPU.ActiveCfg = Debug|Any CPU
		{8BB4D31B-B498-4CEB-BA85-ABFF0F4851B3}.Debug|Any CPU.Build.0 = Debug|Any CPU
		{8BB4D31B-B498-4CEB-BA85-ABFF0F4851B3}.Release|Any CPU.ActiveCfg = Release|Any CPU
		{8BB4D31B-B498-4CEB-BA85-ABFF0F4851B3}.Release|Any CPU.Build.0 = Release|Any CPU
		{4834E062-3491-4836-A12C-2BE3F0D567B6}.Debug|Any CPU.ActiveCfg = Debug|Any CPU
		{4834E062-3491-4836-A12C-2BE3F0D567B6}.Debug|Any CPU.Build.0 = Debug|Any CPU
		{4834E062-3491-4836-A12C-2BE3F0D567B6}.Release|Any CPU.ActiveCfg = Release|Any CPU
		{4834E062-3491-4836-A12C-2BE3F0D567B6}.Release|Any CPU.Build.0 = Release|Any CPU
		{5BE06B86-8A85-47C4-903F-82DC2FD62A30}.Debug|Any CPU.ActiveCfg = Debug|Any CPU
		{5BE06B86-8A85-47C4-903F-82DC2FD62A30}.Debug|Any CPU.Build.0 = Debug|Any CPU
		{5BE06B86-8A85-47C4-903F-82DC2FD62A30}.Release|Any CPU.ActiveCfg = Release|Any CPU
		{5BE06B86-8A85-47C4-903F-82DC2FD62A30}.Release|Any CPU.Build.0 = Release|Any CPU
		{ADEF2A2B-D427-4852-B18E-F6E237509590}.Debug|Any CPU.ActiveCfg = Debug|Any CPU
		{ADEF2A2B-D427-4852-B18E-F6E237509590}.Debug|Any CPU.Build.0 = Debug|Any CPU
		{ADEF2A2B-D427-4852-B18E-F6E237509590}.Release|Any CPU.ActiveCfg = Release|Any CPU
		{ADEF2A2B-D427-4852-B18E-F6E237509590}.Release|Any CPU.Build.0 = Release|Any CPU
		{024EC9A3-05C0-4E8E-A0D6-4AA3B4E54EAD}.Debug|Any CPU.ActiveCfg = Debug|Any CPU
		{024EC9A3-05C0-4E8E-A0D6-4AA3B4E54EAD}.Debug|Any CPU.Build.0 = Debug|Any CPU
		{024EC9A3-05C0-4E8E-A0D6-4AA3B4E54EAD}.Debug|Any CPU.Deploy.0 = Debug|Any CPU
		{024EC9A3-05C0-4E8E-A0D6-4AA3B4E54EAD}.Release|Any CPU.ActiveCfg = Release|Any CPU
		{024EC9A3-05C0-4E8E-A0D6-4AA3B4E54EAD}.Release|Any CPU.Build.0 = Release|Any CPU
		{024EC9A3-05C0-4E8E-A0D6-4AA3B4E54EAD}.Release|Any CPU.Deploy.0 = Release|Any CPU
		{E67CD78E-3BA4-4E5B-812D-D2BE38DD87D6}.Debug|Any CPU.ActiveCfg = Debug|Any CPU
		{E67CD78E-3BA4-4E5B-812D-D2BE38DD87D6}.Debug|Any CPU.Build.0 = Debug|Any CPU
		{E67CD78E-3BA4-4E5B-812D-D2BE38DD87D6}.Release|Any CPU.ActiveCfg = Release|Any CPU
		{E67CD78E-3BA4-4E5B-812D-D2BE38DD87D6}.Release|Any CPU.Build.0 = Release|Any CPU
	EndGlobalSection
	GlobalSection(SolutionProperties) = preSolution
		HideSolutionNode = FALSE
	EndGlobalSection
	GlobalSection(ExtensibilityGlobals) = postSolution
		SolutionGuid = {8EE0B09D-65D4-4B35-A025-DE7B4570827C}
	EndGlobalSection
EndGlobal
